
Microsoft Visual Studio Solution File, Format Version 12.00
# Visual Studio Version 16
VisualStudioVersion = 16.0.29230.61
MinimumVisualStudioVersion = 10.0.40219.1
Project("{9A19103F-16F7-4668-BE54-9A1E7A4F7556}") = "ConferenceTracker", "ConferenceTracker\ConferenceTracker.csproj", "{3DFCAED6-492C-40EF-8929-65A6B673A5E4}"
EndProject
Project("{2150E333-8FDC-42A3-9474-1A3956D46DE8}") = "Solution Items", "Solution Items", "{B07DE73F-3C11-4587-B727-D41573EFDAF9}"
	ProjectSection(SolutionItems) = preProject
		README.md = README.md
	EndProjectSection
EndProject
Project("{FAE04EC0-301F-11D3-BF4B-00C04F79EFBC}") = "ConferenceTrackerTests", "ConferenceTrackerTests\ConferenceTrackerTests.csproj", "{F606782A-4C5D-4638-92CE-3C1A80B57405}"
EndProject
Global
	GlobalSection(SolutionConfigurationPlatforms) = preSolution
		Debug|Any CPU = Debug|Any CPU
		Release|Any CPU = Release|Any CPU
	EndGlobalSection
	GlobalSection(ProjectConfigurationPlatforms) = postSolution
		{3DFCAED6-492C-40EF-8929-65A6B673A5E4}.Debug|Any CPU.ActiveCfg = Debug|Any CPU
		{3DFCAED6-492C-40EF-8929-65A6B673A5E4}.Debug|Any CPU.Build.0 = Debug|Any CPU
		{3DFCAED6-492C-40EF-8929-65A6B673A5E4}.Release|Any CPU.ActiveCfg = Release|Any CPU
		{3DFCAED6-492C-40EF-8929-65A6B673A5E4}.Release|Any CPU.Build.0 = Release|Any CPU
		{F606782A-4C5D-4638-92CE-3C1A80B57405}.Debug|Any CPU.ActiveCfg = Debug|Any CPU
		{F606782A-4C5D-4638-92CE-3C1A80B57405}.Debug|Any CPU.Build.0 = Debug|Any CPU
		{F606782A-4C5D-4638-92CE-3C1A80B57405}.Release|Any CPU.ActiveCfg = Release|Any CPU
		{F606782A-4C5D-4638-92CE-3C1A80B57405}.Release|Any CPU.Build.0 = Release|Any CPU
	EndGlobalSection
	GlobalSection(SolutionProperties) = preSolution
		HideSolutionNode = FALSE
	EndGlobalSection
	GlobalSection(ExtensibilityGlobals) = postSolution
		SolutionGuid = {8471EB97-A45F-4FF7-9B99-5224156BAD35}
	EndGlobalSection
EndGlobal
