
Microsoft Visual Studio Solution File, Format Version 12.00
# Visual Studio 15
VisualStudioVersion = 15.0.28010.2046
MinimumVisualStudioVersion = 10.0.40219.1
Project("{FAE04EC0-301F-11D3-BF4B-00C04F79EFBC}") = "PeopleViewer", "PeopleViewer\PeopleViewer.csproj", "{B09ED0A5-BD38-4AA1-BF39-2F734D5B5EEB}"
EndProject
Project("{2150E333-8FDC-42A3-9474-1A3956D46DE8}") = "Repositories", "Repositories", "{4811D227-D7BB-43CA-93BB-B249031CF05A}"
EndProject
Project("{2150E333-8FDC-42A3-9474-1A3956D46DE8}") = "Services", "Services", "{2762D014-5031-4CA9-BC3E-1061A5909461}"
EndProject
Project("{9A19103F-16F7-4668-BE54-9A1E7A4F7556}") = "PersonRepository.Interface", "PersonRepository.Interface\PersonRepository.Interface.csproj", "{EF1D5215-E99B-4FE7-ABC3-BD748F75780C}"
EndProject
Project("{9A19103F-16F7-4668-BE54-9A1E7A4F7556}") = "People.Service", "People.Service\People.Service.csproj", "{C6554F00-5431-4494-8CD0-63BD009147FC}"
EndProject
Global
	GlobalSection(SolutionConfigurationPlatforms) = preSolution
		Debug|Any CPU = Debug|Any CPU
		Release|Any CPU = Release|Any CPU
	EndGlobalSection
	GlobalSection(ProjectConfigurationPlatforms) = postSolution
		{B09ED0A5-BD38-4AA1-BF39-2F734D5B5EEB}.Debug|Any CPU.ActiveCfg = Debug|Any CPU
		{B09ED0A5-BD38-4AA1-BF39-2F734D5B5EEB}.Debug|Any CPU.Build.0 = Debug|Any CPU
		{B09ED0A5-BD38-4AA1-BF39-2F734D5B5EEB}.Release|Any CPU.ActiveCfg = Release|Any CPU
		{B09ED0A5-BD38-4AA1-BF39-2F734D5B5EEB}.Release|Any CPU.Build.0 = Release|Any CPU
		{EF1D5215-E99B-4FE7-ABC3-BD748F75780C}.Debug|Any CPU.ActiveCfg = Debug|Any CPU
		{EF1D5215-E99B-4FE7-ABC3-BD748F75780C}.Debug|Any CPU.Build.0 = Debug|Any CPU
		{EF1D5215-E99B-4FE7-ABC3-BD748F75780C}.Release|Any CPU.ActiveCfg = Release|Any CPU
		{EF1D5215-E99B-4FE7-ABC3-BD748F75780C}.Release|Any CPU.Build.0 = Release|Any CPU
		{C6554F00-5431-4494-8CD0-63BD009147FC}.Debug|Any CPU.ActiveCfg = Debug|Any CPU
		{C6554F00-5431-4494-8CD0-63BD009147FC}.Debug|Any CPU.Build.0 = Debug|Any CPU
		{C6554F00-5431-4494-8CD0-63BD009147FC}.Release|Any CPU.ActiveCfg = Release|Any CPU
		{C6554F00-5431-4494-8CD0-63BD009147FC}.Release|Any CPU.Build.0 = Release|Any CPU
	EndGlobalSection
	GlobalSection(SolutionProperties) = preSolution
		HideSolutionNode = FALSE
	EndGlobalSection
	GlobalSection(NestedProjects) = preSolution
		{EF1D5215-E99B-4FE7-ABC3-BD748F75780C} = {4811D227-D7BB-43CA-93BB-B249031CF05A}
		{C6554F00-5431-4494-8CD0-63BD009147FC} = {2762D014-5031-4CA9-BC3E-1061A5909461}
	EndGlobalSection
	GlobalSection(ExtensibilityGlobals) = postSolution
		SolutionGuid = {187627C5-1D62-4F47-A6DC-F6E1D42FF89F}
	EndGlobalSection
EndGlobal
