
Microsoft Visual Studio Solution File, Format Version 12.00
# Visual Studio 15
VisualStudioVersion = 15.0.28307.168
MinimumVisualStudioVersion = 10.0.40219.1
Project("{FAE04EC0-301F-11D3-BF4B-00C04F79EFBC}") = "PeopleViewer", "PeopleViewer\PeopleViewer.csproj", "{068F7880-21BD-475F-A346-13AB0A23133E}"
EndProject
Project("{9A19103F-16F7-4668-BE54-9A1E7A4F7556}") = "People.Service", "People.Service\People.Service.csproj", "{7DD92A6C-7CB1-4CA2-9CD3-0C95633F198E}"
EndProject
Project("{2150E333-8FDC-42A3-9474-1A3956D46DE8}") = "0-Bootstrapper", "0-Bootstrapper", "{15C7047A-450E-4269-9F29-96EC321EA848}"
EndProject
Project("{2150E333-8FDC-42A3-9474-1A3956D46DE8}") = "4-DataStorage", "4-DataStorage", "{FF2926BF-8456-4C06-A755-3C3EB61F3DFE}"
EndProject
Project("{2150E333-8FDC-42A3-9474-1A3956D46DE8}") = "3-DataAccess", "3-DataAccess", "{C3D5F2F8-736B-4DCD-B829-8BFED74BA493}"
EndProject
Project("{2150E333-8FDC-42A3-9474-1A3956D46DE8}") = "2-Presentation", "2-Presentation", "{B12AEE66-1494-418E-A0DF-DDDA33E259F1}"
EndProject
Project("{9A19103F-16F7-4668-BE54-9A1E7A4F7556}") = "PeopleViewer.Presentation", "PeopleViewer.Presentation\PeopleViewer.Presentation.csproj", "{952DADE9-B379-4EF2-AA13-781A847818EC}"
EndProject
Project("{9A19103F-16F7-4668-BE54-9A1E7A4F7556}") = "PersonDataReader.Service", "PersonDataReader.Service\PersonDataReader.Service.csproj", "{CA99E8C7-8790-4FA2-9787-C8E5DB9E356E}"
EndProject
Project("{2150E333-8FDC-42A3-9474-1A3956D46DE8}") = "Shared", "Shared", "{27775FC0-A841-491F-AE5E-99BF754C0077}"
EndProject
Project("{9A19103F-16F7-4668-BE54-9A1E7A4F7556}") = "PeopleViewer.Common", "PeopleViewer.Common\PeopleViewer.Common.csproj", "{5D9D9BE8-9C6A-4655-9695-99942577A1D2}"
EndProject
Project("{2150E333-8FDC-42A3-9474-1A3956D46DE8}") = "1-View", "1-View", "{16A78D16-48EB-4581-A518-D8627D1BFCDA}"
EndProject
Project("{FAE04EC0-301F-11D3-BF4B-00C04F79EFBC}") = "PeopleViewer.Views", "PeopleViewer.Views\PeopleViewer.Views.csproj", "{B3FA77BC-0934-4801-97A2-CD802569F44F}"
EndProject
Project("{9A19103F-16F7-4668-BE54-9A1E7A4F7556}") = "PersonDataReader.CSV", "PersonDataReader.CSV\PersonDataReader.CSV.csproj", "{8B2FA401-1C35-4C29-AF50-1FEF84C7FFD6}"
EndProject
Project("{9A19103F-16F7-4668-BE54-9A1E7A4F7556}") = "PersonDataReader.SQL", "PersonDataReader.SQL\PersonDataReader.SQL.csproj", "{49562DFF-35D5-4CFD-8D32-F73378BD3AEF}"
EndProject
Project("{9A19103F-16F7-4668-BE54-9A1E7A4F7556}") = "PersonDataReader.Decorators", "PersonDataReader.Decorators\PersonDataReader.Decorators.csproj", "{12EF3E94-AD4B-49FC-A17F-1B66B281066E}"
EndProject
Project("{2150E333-8FDC-42A3-9474-1A3956D46DE8}") = "UnitTests", "UnitTests", "{2000D219-4AC1-46FF-8CB9-2B21ADCC917F}"
EndProject
Project("{FAE04EC0-301F-11D3-BF4B-00C04F79EFBC}") = "PeopleViewer.Presentation.Tests", "PeopleViewer.Presentation.Tests\PeopleViewer.Presentation.Tests.csproj", "{3EF082FB-5D1B-430B-8D8B-55678579BD8D}"
EndProject
Project("{FAE04EC0-301F-11D3-BF4B-00C04F79EFBC}") = "PersonDataReader.CSV.Tests", "PersonDataReader.CSV.Tests\PersonDataReader.CSV.Tests.csproj", "{6F3B788E-7233-4BA9-859E-F90182E349AF}"
EndProject
Global
	GlobalSection(SolutionConfigurationPlatforms) = preSolution
		Debug|Any CPU = Debug|Any CPU
		Release|Any CPU = Release|Any CPU
	EndGlobalSection
	GlobalSection(ProjectConfigurationPlatforms) = postSolution
		{068F7880-21BD-475F-A346-13AB0A23133E}.Debug|Any CPU.ActiveCfg = Debug|Any CPU
		{068F7880-21BD-475F-A346-13AB0A23133E}.Debug|Any CPU.Build.0 = Debug|Any CPU
		{068F7880-21BD-475F-A346-13AB0A23133E}.Release|Any CPU.ActiveCfg = Release|Any CPU
		{068F7880-21BD-475F-A346-13AB0A23133E}.Release|Any CPU.Build.0 = Release|Any CPU
		{7DD92A6C-7CB1-4CA2-9CD3-0C95633F198E}.Debug|Any CPU.ActiveCfg = Debug|Any CPU
		{7DD92A6C-7CB1-4CA2-9CD3-0C95633F198E}.Debug|Any CPU.Build.0 = Debug|Any CPU
		{7DD92A6C-7CB1-4CA2-9CD3-0C95633F198E}.Release|Any CPU.ActiveCfg = Release|Any CPU
		{7DD92A6C-7CB1-4CA2-9CD3-0C95633F198E}.Release|Any CPU.Build.0 = Release|Any CPU
		{952DADE9-B379-4EF2-AA13-781A847818EC}.Debug|Any CPU.ActiveCfg = Debug|Any CPU
		{952DADE9-B379-4EF2-AA13-781A847818EC}.Debug|Any CPU.Build.0 = Debug|Any CPU
		{952DADE9-B379-4EF2-AA13-781A847818EC}.Release|Any CPU.ActiveCfg = Release|Any CPU
		{952DADE9-B379-4EF2-AA13-781A847818EC}.Release|Any CPU.Build.0 = Release|Any CPU
		{CA99E8C7-8790-4FA2-9787-C8E5DB9E356E}.Debug|Any CPU.ActiveCfg = Debug|Any CPU
		{CA99E8C7-8790-4FA2-9787-C8E5DB9E356E}.Debug|Any CPU.Build.0 = Debug|Any CPU
		{CA99E8C7-8790-4FA2-9787-C8E5DB9E356E}.Release|Any CPU.ActiveCfg = Release|Any CPU
		{CA99E8C7-8790-4FA2-9787-C8E5DB9E356E}.Release|Any CPU.Build.0 = Release|Any CPU
		{5D9D9BE8-9C6A-4655-9695-99942577A1D2}.Debug|Any CPU.ActiveCfg = Debug|Any CPU
		{5D9D9BE8-9C6A-4655-9695-99942577A1D2}.Debug|Any CPU.Build.0 = Debug|Any CPU
		{5D9D9BE8-9C6A-4655-9695-99942577A1D2}.Release|Any CPU.ActiveCfg = Release|Any CPU
		{5D9D9BE8-9C6A-4655-9695-99942577A1D2}.Release|Any CPU.Build.0 = Release|Any CPU
		{B3FA77BC-0934-4801-97A2-CD802569F44F}.Debug|Any CPU.ActiveCfg = Debug|Any CPU
		{B3FA77BC-0934-4801-97A2-CD802569F44F}.Debug|Any CPU.Build.0 = Debug|Any CPU
		{B3FA77BC-0934-4801-97A2-CD802569F44F}.Release|Any CPU.ActiveCfg = Release|Any CPU
		{B3FA77BC-0934-4801-97A2-CD802569F44F}.Release|Any CPU.Build.0 = Release|Any CPU
		{8B2FA401-1C35-4C29-AF50-1FEF84C7FFD6}.Debug|Any CPU.ActiveCfg = Debug|Any CPU
		{8B2FA401-1C35-4C29-AF50-1FEF84C7FFD6}.Debug|Any CPU.Build.0 = Debug|Any CPU
		{8B2FA401-1C35-4C29-AF50-1FEF84C7FFD6}.Release|Any CPU.ActiveCfg = Release|Any CPU
		{8B2FA401-1C35-4C29-AF50-1FEF84C7FFD6}.Release|Any CPU.Build.0 = Release|Any CPU
		{49562DFF-35D5-4CFD-8D32-F73378BD3AEF}.Debug|Any CPU.ActiveCfg = Debug|Any CPU
		{49562DFF-35D5-4CFD-8D32-F73378BD3AEF}.Debug|Any CPU.Build.0 = Debug|Any CPU
		{49562DFF-35D5-4CFD-8D32-F73378BD3AEF}.Release|Any CPU.ActiveCfg = Release|Any CPU
		{49562DFF-35D5-4CFD-8D32-F73378BD3AEF}.Release|Any CPU.Build.0 = Release|Any CPU
		{12EF3E94-AD4B-49FC-A17F-1B66B281066E}.Debug|Any CPU.ActiveCfg = Debug|Any CPU
		{12EF3E94-AD4B-49FC-A17F-1B66B281066E}.Debug|Any CPU.Build.0 = Debug|Any CPU
		{12EF3E94-AD4B-49FC-A17F-1B66B281066E}.Release|Any CPU.ActiveCfg = Release|Any CPU
		{12EF3E94-AD4B-49FC-A17F-1B66B281066E}.Release|Any CPU.Build.0 = Release|Any CPU
		{3EF082FB-5D1B-430B-8D8B-55678579BD8D}.Debug|Any CPU.ActiveCfg = Debug|Any CPU
		{3EF082FB-5D1B-430B-8D8B-55678579BD8D}.Debug|Any CPU.Build.0 = Debug|Any CPU
		{3EF082FB-5D1B-430B-8D8B-55678579BD8D}.Release|Any CPU.ActiveCfg = Release|Any CPU
		{3EF082FB-5D1B-430B-8D8B-55678579BD8D}.Release|Any CPU.Build.0 = Release|Any CPU
		{6F3B788E-7233-4BA9-859E-F90182E349AF}.Debug|Any CPU.ActiveCfg = Debug|Any CPU
		{6F3B788E-7233-4BA9-859E-F90182E349AF}.Debug|Any CPU.Build.0 = Debug|Any CPU
		{6F3B788E-7233-4BA9-859E-F90182E349AF}.Release|Any CPU.ActiveCfg = Release|Any CPU
		{6F3B788E-7233-4BA9-859E-F90182E349AF}.Release|Any CPU.Build.0 = Release|Any CPU
	EndGlobalSection
	GlobalSection(SolutionProperties) = preSolution
		HideSolutionNode = FALSE
	EndGlobalSection
	GlobalSection(NestedProjects) = preSolution
		{068F7880-21BD-475F-A346-13AB0A23133E} = {15C7047A-450E-4269-9F29-96EC321EA848}
		{7DD92A6C-7CB1-4CA2-9CD3-0C95633F198E} = {FF2926BF-8456-4C06-A755-3C3EB61F3DFE}
		{952DADE9-B379-4EF2-AA13-781A847818EC} = {B12AEE66-1494-418E-A0DF-DDDA33E259F1}
		{CA99E8C7-8790-4FA2-9787-C8E5DB9E356E} = {C3D5F2F8-736B-4DCD-B829-8BFED74BA493}
		{5D9D9BE8-9C6A-4655-9695-99942577A1D2} = {27775FC0-A841-491F-AE5E-99BF754C0077}
		{B3FA77BC-0934-4801-97A2-CD802569F44F} = {16A78D16-48EB-4581-A518-D8627D1BFCDA}
		{8B2FA401-1C35-4C29-AF50-1FEF84C7FFD6} = {C3D5F2F8-736B-4DCD-B829-8BFED74BA493}
		{49562DFF-35D5-4CFD-8D32-F73378BD3AEF} = {C3D5F2F8-736B-4DCD-B829-8BFED74BA493}
		{12EF3E94-AD4B-49FC-A17F-1B66B281066E} = {C3D5F2F8-736B-4DCD-B829-8BFED74BA493}
		{3EF082FB-5D1B-430B-8D8B-55678579BD8D} = {2000D219-4AC1-46FF-8CB9-2B21ADCC917F}
		{6F3B788E-7233-4BA9-859E-F90182E349AF} = {2000D219-4AC1-46FF-8CB9-2B21ADCC917F}
	EndGlobalSection
	GlobalSection(ExtensibilityGlobals) = postSolution
		SolutionGuid = {FCF92DCF-3599-4010-BB06-FFF5E0A25037}
	EndGlobalSection
EndGlobal
