
Microsoft Visual Studio Solution File, Format Version 12.00
# Visual Studio Version 16
VisualStudioVersion = 16.0.29519.87
MinimumVisualStudioVersion = 10.0.40219.1
Project("{FAE04EC0-301F-11D3-BF4B-00C04F79EFBC}") = "Strategy Pattern First Look", "Strategy Pattern First Look.csproj", "{0CCC907A-A680-4352-ABDB-FA6F2589305C}"
EndProject
Global
	GlobalSection(SolutionConfigurationPlatforms) = preSolution
		Debug|Any CPU = Debug|Any CPU
		Release|Any CPU = Release|Any CPU
	EndGlobalSection
	GlobalSection(ProjectConfigurationPlatforms) = postSolution
		{0CCC907A-A680-4352-ABDB-FA6F2589305C}.Debug|Any CPU.ActiveCfg = Debug|Any CPU
		{0CCC907A-A680-4352-ABDB-FA6F2589305C}.Debug|Any CPU.Build.0 = Debug|Any CPU
		{0CCC907A-A680-4352-ABDB-FA6F2589305C}.Release|Any CPU.ActiveCfg = Release|Any CPU
		{0CCC907A-A680-4352-ABDB-FA6F2589305C}.Release|Any CPU.Build.0 = Release|Any CPU
	EndGlobalSection
	GlobalSection(SolutionProperties) = preSolution
		HideSolutionNode = FALSE
	EndGlobalSection
	GlobalSection(ExtensibilityGlobals) = postSolution
		SolutionGuid = {D84F6DEF-EB18-46C3-AFD9-222F05A2925D}
	EndGlobalSection
EndGlobal
