
Microsoft Visual Studio Solution File, Format Version 12.00
# Visual Studio 15
VisualStudioVersion = 15.0.28010.2003
MinimumVisualStudioVersion = 10.0.40219.1
Project("{FAE04EC0-301F-11D3-BF4B-00C04F79EFBC}") = "DataProcessor", "DataProcessor\DataProcessor.csproj", "{034D5414-3663-4D78-BED7-B0B4CE92BE18}"
EndProject
Global
	GlobalSection(SolutionConfigurationPlatforms) = preSolution
		Debug|Any CPU = Debug|Any CPU
		Release|Any CPU = Release|Any CPU
	EndGlobalSection
	GlobalSection(ProjectConfigurationPlatforms) = postSolution
		{034D5414-3663-4D78-BED7-B0B4CE92BE18}.Debug|Any CPU.ActiveCfg = Debug|Any CPU
		{034D5414-3663-4D78-BED7-B0B4CE92BE18}.Debug|Any CPU.Build.0 = Debug|Any CPU
		{034D5414-3663-4D78-BED7-B0B4CE92BE18}.Release|Any CPU.ActiveCfg = Release|Any CPU
		{034D5414-3663-4D78-BED7-B0B4CE92BE18}.Release|Any CPU.Build.0 = Release|Any CPU
	EndGlobalSection
	GlobalSection(SolutionProperties) = preSolution
		HideSolutionNode = FALSE
	EndGlobalSection
	GlobalSection(ExtensibilityGlobals) = postSolution
		SolutionGuid = {C74DD624-6F10-4C6E-8DF4-882D369AF956}
	EndGlobalSection
EndGlobal
