
Microsoft Visual Studio Solution File, Format Version 12.00
# Visual Studio 15
VisualStudioVersion = 15.0.28010.2019
MinimumVisualStudioVersion = 10.0.40219.1
Project("{FAE04EC0-301F-11D3-BF4B-00C04F79EFBC}") = "PeopleViewer", "PeopleViewer\PeopleViewer.csproj", "{3EF31E9A-3EE0-4100-94CA-01D4D48C051C}"
EndProject
Project("{FAE04EC0-301F-11D3-BF4B-00C04F79EFBC}") = "People.Library", "People.Library\People.Library.csproj", "{6846D89B-2093-4838-A120-89BD411CBD12}"
EndProject
Project("{FAE04EC0-301F-11D3-BF4B-00C04F79EFBC}") = "Common", "Common\Common.csproj", "{4881A6E1-D3C4-450F-B09F-1445CAFFEEFB}"
EndProject
Global
	GlobalSection(SolutionConfigurationPlatforms) = preSolution
		Debug|Any CPU = Debug|Any CPU
		Release|Any CPU = Release|Any CPU
	EndGlobalSection
	GlobalSection(ProjectConfigurationPlatforms) = postSolution
		{3EF31E9A-3EE0-4100-94CA-01D4D48C051C}.Debug|Any CPU.ActiveCfg = Debug|Any CPU
		{3EF31E9A-3EE0-4100-94CA-01D4D48C051C}.Debug|Any CPU.Build.0 = Debug|Any CPU
		{3EF31E9A-3EE0-4100-94CA-01D4D48C051C}.Release|Any CPU.ActiveCfg = Release|Any CPU
		{3EF31E9A-3EE0-4100-94CA-01D4D48C051C}.Release|Any CPU.Build.0 = Release|Any CPU
		{6846D89B-2093-4838-A120-89BD411CBD12}.Debug|Any CPU.ActiveCfg = Debug|Any CPU
		{6846D89B-2093-4838-A120-89BD411CBD12}.Debug|Any CPU.Build.0 = Debug|Any CPU
		{6846D89B-2093-4838-A120-89BD411CBD12}.Release|Any CPU.ActiveCfg = Release|Any CPU
		{6846D89B-2093-4838-A120-89BD411CBD12}.Release|Any CPU.Build.0 = Release|Any CPU
		{4881A6E1-D3C4-450F-B09F-1445CAFFEEFB}.Debug|Any CPU.ActiveCfg = Debug|Any CPU
		{4881A6E1-D3C4-450F-B09F-1445CAFFEEFB}.Debug|Any CPU.Build.0 = Debug|Any CPU
		{4881A6E1-D3C4-450F-B09F-1445CAFFEEFB}.Release|Any CPU.ActiveCfg = Release|Any CPU
		{4881A6E1-D3C4-450F-B09F-1445CAFFEEFB}.Release|Any CPU.Build.0 = Release|Any CPU
	EndGlobalSection
	GlobalSection(SolutionProperties) = preSolution
		HideSolutionNode = FALSE
	EndGlobalSection
	GlobalSection(ExtensibilityGlobals) = postSolution
		SolutionGuid = {04F46843-6BB5-4EF6-8E2D-51FF5491AC6D}
	EndGlobalSection
EndGlobal
