
Microsoft Visual Studio Solution File, Format Version 12.00
# Visual Studio 15
VisualStudioVersion = 15.0.26124.0
MinimumVisualStudioVersion = 15.0.26124.0
Project("{FAE04EC0-301F-11D3-BF4B-00C04F79EFBC}") = "Polygons", "Polygons\Polygons.csproj", "{FAB4A9F3-D698-45F9-AC7D-8055329B29F5}"
EndProject
Project("{FAE04EC0-301F-11D3-BF4B-00C04F79EFBC}") = "Polygons.Library", "Polygons.Library\Polygons.Library.csproj", "{CF0CD86A-066E-427B-AB0C-F794037205B2}"
EndProject
Global
	GlobalSection(SolutionConfigurationPlatforms) = preSolution
		Debug|Any CPU = Debug|Any CPU
		Debug|x64 = Debug|x64
		Debug|x86 = Debug|x86
		Release|Any CPU = Release|Any CPU
		Release|x64 = Release|x64
		Release|x86 = Release|x86
	EndGlobalSection
	GlobalSection(SolutionProperties) = preSolution
		HideSolutionNode = FALSE
	EndGlobalSection
	GlobalSection(ProjectConfigurationPlatforms) = postSolution
		{FAB4A9F3-D698-45F9-AC7D-8055329B29F5}.Debug|Any CPU.ActiveCfg = Debug|Any CPU
		{FAB4A9F3-D698-45F9-AC7D-8055329B29F5}.Debug|Any CPU.Build.0 = Debug|Any CPU
		{FAB4A9F3-D698-45F9-AC7D-8055329B29F5}.Debug|x64.ActiveCfg = Debug|Any CPU
		{FAB4A9F3-D698-45F9-AC7D-8055329B29F5}.Debug|x64.Build.0 = Debug|Any CPU
		{FAB4A9F3-D698-45F9-AC7D-8055329B29F5}.Debug|x86.ActiveCfg = Debug|Any CPU
		{FAB4A9F3-D698-45F9-AC7D-8055329B29F5}.Debug|x86.Build.0 = Debug|Any CPU
		{FAB4A9F3-D698-45F9-AC7D-8055329B29F5}.Release|Any CPU.ActiveCfg = Release|Any CPU
		{FAB4A9F3-D698-45F9-AC7D-8055329B29F5}.Release|Any CPU.Build.0 = Release|Any CPU
		{FAB4A9F3-D698-45F9-AC7D-8055329B29F5}.Release|x64.ActiveCfg = Release|Any CPU
		{FAB4A9F3-D698-45F9-AC7D-8055329B29F5}.Release|x64.Build.0 = Release|Any CPU
		{FAB4A9F3-D698-45F9-AC7D-8055329B29F5}.Release|x86.ActiveCfg = Release|Any CPU
		{FAB4A9F3-D698-45F9-AC7D-8055329B29F5}.Release|x86.Build.0 = Release|Any CPU
		{CF0CD86A-066E-427B-AB0C-F794037205B2}.Debug|Any CPU.ActiveCfg = Debug|Any CPU
		{CF0CD86A-066E-427B-AB0C-F794037205B2}.Debug|Any CPU.Build.0 = Debug|Any CPU
		{CF0CD86A-066E-427B-AB0C-F794037205B2}.Debug|x64.ActiveCfg = Debug|Any CPU
		{CF0CD86A-066E-427B-AB0C-F794037205B2}.Debug|x64.Build.0 = Debug|Any CPU
		{CF0CD86A-066E-427B-AB0C-F794037205B2}.Debug|x86.ActiveCfg = Debug|Any CPU
		{CF0CD86A-066E-427B-AB0C-F794037205B2}.Debug|x86.Build.0 = Debug|Any CPU
		{CF0CD86A-066E-427B-AB0C-F794037205B2}.Release|Any CPU.ActiveCfg = Release|Any CPU
		{CF0CD86A-066E-427B-AB0C-F794037205B2}.Release|Any CPU.Build.0 = Release|Any CPU
		{CF0CD86A-066E-427B-AB0C-F794037205B2}.Release|x64.ActiveCfg = Release|Any CPU
		{CF0CD86A-066E-427B-AB0C-F794037205B2}.Release|x64.Build.0 = Release|Any CPU
		{CF0CD86A-066E-427B-AB0C-F794037205B2}.Release|x86.ActiveCfg = Release|Any CPU
		{CF0CD86A-066E-427B-AB0C-F794037205B2}.Release|x86.Build.0 = Release|Any CPU
	EndGlobalSection
EndGlobal
