
Microsoft Visual Studio Solution File, Format Version 12.00
# Visual Studio 15
VisualStudioVersion = 15.0.28010.2026
MinimumVisualStudioVersion = 10.0.40219.1
Project("{FAE04EC0-301F-11D3-BF4B-00C04F79EFBC}") = "PsApplication", "PsApplication\PsApplication.csproj", "{2E188270-2818-42E0-BD4A-E5BA713B17F3}"
EndProject
Project("{151D2E53-A2C4-4D7D-83FE-D05416EBD58E}") = "PsApplicationResourceGroup", "PsApplicationResourceGroup\PsApplicationResourceGroup.deployproj", "{176F60DB-A4D9-48EA-AD34-D15745AA5E70}"
EndProject
Global
	GlobalSection(SolutionConfigurationPlatforms) = preSolution
		Debug|Any CPU = Debug|Any CPU
		Release|Any CPU = Release|Any CPU
	EndGlobalSection
	GlobalSection(ProjectConfigurationPlatforms) = postSolution
		{2E188270-2818-42E0-BD4A-E5BA713B17F3}.Debug|Any CPU.ActiveCfg = Debug|Any CPU
		{2E188270-2818-42E0-BD4A-E5BA713B17F3}.Debug|Any CPU.Build.0 = Debug|Any CPU
		{2E188270-2818-42E0-BD4A-E5BA713B17F3}.Release|Any CPU.ActiveCfg = Release|Any CPU
		{2E188270-2818-42E0-BD4A-E5BA713B17F3}.Release|Any CPU.Build.0 = Release|Any CPU
		{176F60DB-A4D9-48EA-AD34-D15745AA5E70}.Debug|Any CPU.ActiveCfg = Debug|Any CPU
		{176F60DB-A4D9-48EA-AD34-D15745AA5E70}.Debug|Any CPU.Build.0 = Debug|Any CPU
		{176F60DB-A4D9-48EA-AD34-D15745AA5E70}.Release|Any CPU.ActiveCfg = Release|Any CPU
		{176F60DB-A4D9-48EA-AD34-D15745AA5E70}.Release|Any CPU.Build.0 = Release|Any CPU
	EndGlobalSection
	GlobalSection(SolutionProperties) = preSolution
		HideSolutionNode = FALSE
	EndGlobalSection
	GlobalSection(ExtensibilityGlobals) = postSolution
		SolutionGuid = {6A8D4EAB-CD22-433C-9ACA-CE54720FEFAA}
	EndGlobalSection
EndGlobal
