
Microsoft Visual Studio Solution File, Format Version 12.00
# Visual Studio Version 16
VisualStudioVersion = 16.0.29509.3
MinimumVisualStudioVersion = 10.0.40219.1
Project("{FAE04EC0-301F-11D3-BF4B-00C04F79EFBC}") = "MediatorDemo", "MediatorDemo\MediatorDemo.csproj", "{18392957-98AF-46F7-AA43-56352285B3F0}"
EndProject
Project("{FAE04EC0-301F-11D3-BF4B-00C04F79EFBC}") = "MarkerPositions", "MarkerPositions\MarkerPositions.csproj", "{2FFE8CC7-26C2-496C-AAF8-D08FAB206A68}"
EndProject
Project("{FAE04EC0-301F-11D3-BF4B-00C04F79EFBC}") = "MediatRDemo", "MediatRDemo\MediatRDemo.csproj", "{69150796-9481-4E3E-9B01-FB1C44CECC44}"
EndProject
Global
	GlobalSection(SolutionConfigurationPlatforms) = preSolution
		Debug|Any CPU = Debug|Any CPU
		Release|Any CPU = Release|Any CPU
	EndGlobalSection
	GlobalSection(ProjectConfigurationPlatforms) = postSolution
		{18392957-98AF-46F7-AA43-56352285B3F0}.Debug|Any CPU.ActiveCfg = Debug|Any CPU
		{18392957-98AF-46F7-AA43-56352285B3F0}.Debug|Any CPU.Build.0 = Debug|Any CPU
		{18392957-98AF-46F7-AA43-56352285B3F0}.Release|Any CPU.ActiveCfg = Release|Any CPU
		{18392957-98AF-46F7-AA43-56352285B3F0}.Release|Any CPU.Build.0 = Release|Any CPU
		{2FFE8CC7-26C2-496C-AAF8-D08FAB206A68}.Debug|Any CPU.ActiveCfg = Debug|Any CPU
		{2FFE8CC7-26C2-496C-AAF8-D08FAB206A68}.Debug|Any CPU.Build.0 = Debug|Any CPU
		{2FFE8CC7-26C2-496C-AAF8-D08FAB206A68}.Release|Any CPU.ActiveCfg = Release|Any CPU
		{2FFE8CC7-26C2-496C-AAF8-D08FAB206A68}.Release|Any CPU.Build.0 = Release|Any CPU
		{69150796-9481-4E3E-9B01-FB1C44CECC44}.Debug|Any CPU.ActiveCfg = Debug|Any CPU
		{69150796-9481-4E3E-9B01-FB1C44CECC44}.Debug|Any CPU.Build.0 = Debug|Any CPU
		{69150796-9481-4E3E-9B01-FB1C44CECC44}.Release|Any CPU.ActiveCfg = Release|Any CPU
		{69150796-9481-4E3E-9B01-FB1C44CECC44}.Release|Any CPU.Build.0 = Release|Any CPU
	EndGlobalSection
	GlobalSection(SolutionProperties) = preSolution
		HideSolutionNode = FALSE
	EndGlobalSection
	GlobalSection(ExtensibilityGlobals) = postSolution
		SolutionGuid = {D1615BD6-2BD0-4182-B82C-C52657883D7C}
	EndGlobalSection
EndGlobal
