
Microsoft Visual Studio Solution File, Format Version 12.00
# Visual Studio Version 16
VisualStudioVersion = 16.0.29020.237
MinimumVisualStudioVersion = 10.0.40219.1
Project("{FAE04EC0-301F-11D3-BF4B-00C04F79EFBC}") = "UnixTimestamp", "UnixTimestamp.csproj", "{AA0E16EB-7EC6-4803-88C9-C3710397B789}"
EndProject
Global
	GlobalSection(SolutionConfigurationPlatforms) = preSolution
		Debug|Any CPU = Debug|Any CPU
		Release|Any CPU = Release|Any CPU
	EndGlobalSection
	GlobalSection(ProjectConfigurationPlatforms) = postSolution
		{AA0E16EB-7EC6-4803-88C9-C3710397B789}.Debug|Any CPU.ActiveCfg = Debug|Any CPU
		{AA0E16EB-7EC6-4803-88C9-C3710397B789}.Debug|Any CPU.Build.0 = Debug|Any CPU
		{AA0E16EB-7EC6-4803-88C9-C3710397B789}.Release|Any CPU.ActiveCfg = Release|Any CPU
		{AA0E16EB-7EC6-4803-88C9-C3710397B789}.Release|Any CPU.Build.0 = Release|Any CPU
	EndGlobalSection
	GlobalSection(SolutionProperties) = preSolution
		HideSolutionNode = FALSE
	EndGlobalSection
	GlobalSection(ExtensibilityGlobals) = postSolution
		SolutionGuid = {3039E2E2-20FD-4EE7-84BE-6A22EE3FBD7B}
	EndGlobalSection
EndGlobal
